
Microsoft Visual Studio Solution File, Format Version 12.00
# Visual Studio Version 17
VisualStudioVersion = 17.1.32421.90
MinimumVisualStudioVersion = 10.0.40219.1
Project("{9A19103F-16F7-4668-BE54-9A1E7A4F7556}") = "Chemist", "Chemist.csproj", "{97B687C3-DC67-402D-9550-DEFDDAC5292F}"
EndProject
Project("{FAE04EC0-301F-11D3-BF4B-00C04F79EFBC}") = "Chemist.DataAccess", "..\Chemist.DataAccess\Chemist.DataAccess.csproj", "{870A7CA4-F134-4F79-87CC-1C5C8879294B}"
EndProject
Project("{FAE04EC0-301F-11D3-BF4B-00C04F79EFBC}") = "Chemist.Models", "..\Chemist.Models\Chemist.Models.csproj", "{9C2714B9-7AA8-4683-9EF3-B92A2D735A6D}"
EndProject
Project("{FAE04EC0-301F-11D3-BF4B-00C04F79EFBC}") = "Chemist.Utility", "..\Chemist.Utility\Chemist.Utility.csproj", "{007188A1-4B1F-4E75-8F9D-21FBCD1B57D6}"
EndProject
Global
	GlobalSection(SolutionConfigurationPlatforms) = preSolution
		Debug|Any CPU = Debug|Any CPU
		Release|Any CPU = Release|Any CPU
	EndGlobalSection
	GlobalSection(ProjectConfigurationPlatforms) = postSolution
		{97B687C3-DC67-402D-9550-DEFDDAC5292F}.Debug|Any CPU.ActiveCfg = Debug|Any CPU
		{97B687C3-DC67-402D-9550-DEFDDAC5292F}.Debug|Any CPU.Build.0 = Debug|Any CPU
		{97B687C3-DC67-402D-9550-DEFDDAC5292F}.Release|Any CPU.ActiveCfg = Release|Any CPU
		{97B687C3-DC67-402D-9550-DEFDDAC5292F}.Release|Any CPU.Build.0 = Release|Any CPU
		{870A7CA4-F134-4F79-87CC-1C5C8879294B}.Debug|Any CPU.ActiveCfg = Debug|Any CPU
		{870A7CA4-F134-4F79-87CC-1C5C8879294B}.Debug|Any CPU.Build.0 = Debug|Any CPU
		{870A7CA4-F134-4F79-87CC-1C5C8879294B}.Release|Any CPU.ActiveCfg = Release|Any CPU
		{870A7CA4-F134-4F79-87CC-1C5C8879294B}.Release|Any CPU.Build.0 = Release|Any CPU
		{9C2714B9-7AA8-4683-9EF3-B92A2D735A6D}.Debug|Any CPU.ActiveCfg = Debug|Any CPU
		{9C2714B9-7AA8-4683-9EF3-B92A2D735A6D}.Debug|Any CPU.Build.0 = Debug|Any CPU
		{9C2714B9-7AA8-4683-9EF3-B92A2D735A6D}.Release|Any CPU.ActiveCfg = Release|Any CPU
		{9C2714B9-7AA8-4683-9EF3-B92A2D735A6D}.Release|Any CPU.Build.0 = Release|Any CPU
		{007188A1-4B1F-4E75-8F9D-21FBCD1B57D6}.Debug|Any CPU.ActiveCfg = Debug|Any CPU
		{007188A1-4B1F-4E75-8F9D-21FBCD1B57D6}.Debug|Any CPU.Build.0 = Debug|Any CPU
		{007188A1-4B1F-4E75-8F9D-21FBCD1B57D6}.Release|Any CPU.ActiveCfg = Release|Any CPU
		{007188A1-4B1F-4E75-8F9D-21FBCD1B57D6}.Release|Any CPU.Build.0 = Release|Any CPU
	EndGlobalSection
	GlobalSection(SolutionProperties) = preSolution
		HideSolutionNode = FALSE
	EndGlobalSection
	GlobalSection(ExtensibilityGlobals) = postSolution
		SolutionGuid = {EDF05EA3-D52A-48FC-BC1D-1F653CD62387}
	EndGlobalSection
EndGlobal
